
Microsoft Visual Studio Solution File, Format Version 12.00
# Visual Studio 2012
Project("{FAE04EC0-301F-11D3-BF4B-00C04F79EFBC}") = "OnlineTicTacTor", "OnlineTicTacTor\OnlineTicTacTor.csproj", "{A84ABA7F-306C-4B98-8B16-BD2D722C6E9B}"
EndProject
Global
	GlobalSection(SolutionConfigurationPlatforms) = preSolution
		Debug|Any CPU = Debug|Any CPU
		Release|Any CPU = Release|Any CPU
	EndGlobalSection
	GlobalSection(ProjectConfigurationPlatforms) = postSolution
		{A84ABA7F-306C-4B98-8B16-BD2D722C6E9B}.Debug|Any CPU.ActiveCfg = Debug|Any CPU
		{A84ABA7F-306C-4B98-8B16-BD2D722C6E9B}.Debug|Any CPU.Build.0 = Debug|Any CPU
		{A84ABA7F-306C-4B98-8B16-BD2D722C6E9B}.Release|Any CPU.ActiveCfg = Release|Any CPU
		{A84ABA7F-306C-4B98-8B16-BD2D722C6E9B}.Release|Any CPU.Build.0 = Release|Any CPU
	EndGlobalSection
	GlobalSection(SolutionProperties) = preSolution
		HideSolutionNode = FALSE
	EndGlobalSection
EndGlobal
